# Code generated by scarb DO NOT EDIT.
version = 1

[[package]]
name = "dojo"
version = "1.0.0-alpha.4"
source = "git+https://github.com/dojoengine/dojo?tag=v1.0.0-alpha.16#3b3a78cd8239ca2ee524c49c83f36db4d79cb4bc"

[[package]]
name = "origami_random"
version = "1.0.0-alpha.16"
source = "git+https://github.com/dojoengine/origami.git?tag=v1.0.0-alpha.16#cbdb23c7d082bdfe77d1ca9bfb4b711ba965971c"

[[package]]
name = "zktt"
version = "0.1.0"
dependencies = [
 "dojo",
 "origami_random",
]
